
Microsoft Visual Studio Solution File, Format Version 12.00
# Visual Studio Version 17
VisualStudioVersion = 17.1.32414.318
MinimumVisualStudioVersion = 10.0.40219.1
Project("{FAE04EC0-301F-11D3-BF4B-00C04F79EFBC}") = "BDFARMACIA", "BDFARMACIA\BDFARMACIA.csproj", "{17E642D3-F523-439D-918E-465DB39E95F1}"
EndProject
Project("{2150E333-8FDC-42A3-9474-1A3956D46DE8}") = "Elementos de la solución", "Elementos de la solución", "{DC57E45C-0636-4E7B-9278-F0E4C56E8989}"
EndProject
Global
	GlobalSection(SolutionConfigurationPlatforms) = preSolution
		Debug|Any CPU = Debug|Any CPU
		Release|Any CPU = Release|Any CPU
	EndGlobalSection
	GlobalSection(ProjectConfigurationPlatforms) = postSolution
		{17E642D3-F523-439D-918E-465DB39E95F1}.Debug|Any CPU.ActiveCfg = Debug|Any CPU
		{17E642D3-F523-439D-918E-465DB39E95F1}.Debug|Any CPU.Build.0 = Debug|Any CPU
		{17E642D3-F523-439D-918E-465DB39E95F1}.Release|Any CPU.ActiveCfg = Release|Any CPU
		{17E642D3-F523-439D-918E-465DB39E95F1}.Release|Any CPU.Build.0 = Release|Any CPU
	EndGlobalSection
	GlobalSection(SolutionProperties) = preSolution
		HideSolutionNode = FALSE
	EndGlobalSection
	GlobalSection(ExtensibilityGlobals) = postSolution
		SolutionGuid = {3A64EA6D-32CA-401D-BA8A-519DEA5B16C5}
	EndGlobalSection
EndGlobal
